
Microsoft Visual Studio Solution File, Format Version 12.00
# Visual Studio Version 17
VisualStudioVersion = 17.3.32929.385
MinimumVisualStudioVersion = 10.0.40219.1
Project("{FAE04EC0-301F-11D3-BF4B-00C04F79EFBC}") = "testn", "testn\testn.csproj", "{8AE050A3-CC01-4060-9920-B0A5CA71E8D6}"
EndProject
Global
	GlobalSection(SolutionConfigurationPlatforms) = preSolution
		Debug|Any CPU = Debug|Any CPU
		Release|Any CPU = Release|Any CPU
	EndGlobalSection
	GlobalSection(ProjectConfigurationPlatforms) = postSolution
		{8AE050A3-CC01-4060-9920-B0A5CA71E8D6}.Debug|Any CPU.ActiveCfg = Debug|Any CPU
		{8AE050A3-CC01-4060-9920-B0A5CA71E8D6}.Debug|Any CPU.Build.0 = Debug|Any CPU
		{8AE050A3-CC01-4060-9920-B0A5CA71E8D6}.Release|Any CPU.ActiveCfg = Release|Any CPU
		{8AE050A3-CC01-4060-9920-B0A5CA71E8D6}.Release|Any CPU.Build.0 = Release|Any CPU
	EndGlobalSection
	GlobalSection(SolutionProperties) = preSolution
		HideSolutionNode = FALSE
	EndGlobalSection
	GlobalSection(ExtensibilityGlobals) = postSolution
		SolutionGuid = {38802A0F-209F-4851-BC09-60CCF4752AE4}
	EndGlobalSection
EndGlobal
